
Microsoft Visual Studio Solution File, Format Version 12.00
# Visual Studio 14
VisualStudioVersion = 14.0.24720.0
MinimumVisualStudioVersion = 10.0.40219.1
Project("{FAE04EC0-301F-11D3-BF4B-00C04F79EFBC}") = "RestaurantGameRankProbabilities", "RestaurantGameRankProbabilities\RestaurantGameRankProbabilities.csproj", "{5F7FDAFE-C368-4CF7-92F4-A8DA4DD09D0B}"
EndProject
Project("{FAE04EC0-301F-11D3-BF4B-00C04F79EFBC}") = "UnifromDistributionStoppingRule", "UnifromDistributionStoppingRule\UnifromDistributionStoppingRule.csproj", "{6E0D1DB0-A4F2-4D24-8103-A42AACA7F749}"
EndProject
Project("{FAE04EC0-301F-11D3-BF4B-00C04F79EFBC}") = "RestaurantGameRateOptimalStopping", "RestaurantGameRateOptimalStopping\RestaurantGameRateOptimalStopping.csproj", "{FF2BD2FB-91BE-4FCF-A799-A6047B20CA89}"
EndProject
Global
	GlobalSection(SolutionConfigurationPlatforms) = preSolution
		Debug|Any CPU = Debug|Any CPU
		Release|Any CPU = Release|Any CPU
	EndGlobalSection
	GlobalSection(ProjectConfigurationPlatforms) = postSolution
		{5F7FDAFE-C368-4CF7-92F4-A8DA4DD09D0B}.Debug|Any CPU.ActiveCfg = Debug|Any CPU
		{5F7FDAFE-C368-4CF7-92F4-A8DA4DD09D0B}.Debug|Any CPU.Build.0 = Debug|Any CPU
		{5F7FDAFE-C368-4CF7-92F4-A8DA4DD09D0B}.Release|Any CPU.ActiveCfg = Release|Any CPU
		{5F7FDAFE-C368-4CF7-92F4-A8DA4DD09D0B}.Release|Any CPU.Build.0 = Release|Any CPU
		{6E0D1DB0-A4F2-4D24-8103-A42AACA7F749}.Debug|Any CPU.ActiveCfg = Debug|Any CPU
		{6E0D1DB0-A4F2-4D24-8103-A42AACA7F749}.Debug|Any CPU.Build.0 = Debug|Any CPU
		{6E0D1DB0-A4F2-4D24-8103-A42AACA7F749}.Release|Any CPU.ActiveCfg = Release|Any CPU
		{6E0D1DB0-A4F2-4D24-8103-A42AACA7F749}.Release|Any CPU.Build.0 = Release|Any CPU
		{FF2BD2FB-91BE-4FCF-A799-A6047B20CA89}.Debug|Any CPU.ActiveCfg = Debug|Any CPU
		{FF2BD2FB-91BE-4FCF-A799-A6047B20CA89}.Debug|Any CPU.Build.0 = Debug|Any CPU
		{FF2BD2FB-91BE-4FCF-A799-A6047B20CA89}.Release|Any CPU.ActiveCfg = Release|Any CPU
		{FF2BD2FB-91BE-4FCF-A799-A6047B20CA89}.Release|Any CPU.Build.0 = Release|Any CPU
	EndGlobalSection
	GlobalSection(SolutionProperties) = preSolution
		HideSolutionNode = FALSE
	EndGlobalSection
EndGlobal
